{
    "_readme": [
        "This file locks the dependencies of your project to a known state",
        "Read more about it at https://getcomposer.org/doc/01-basic-usage.md#composer-lock-the-lock-file",
        "This file is @generated automatically"
    ],
    "hash": "05360efd7af7a470328875ab78faebd1",
    "content-hash": "552e9887cf5531b6b238b3e51759e2ca",
    "packages": [
        {
            "name": "drewm/mailchimp-api",
            "version": "v2.1",
            "source": {
                "type": "git",
                "url": "https://github.com/drewm/mailchimp-api.git",
                "reference": "a9bf617afb5a9bcb2601f5cc23b01a7b581d5659"
            },
            "dist": {
                "type": "zip",
                "url": "https://api.github.com/repos/drewm/mailchimp-api/zipball/a9bf617afb5a9bcb2601f5cc23b01a7b581d5659",
                "reference": "a9bf617afb5a9bcb2601f5cc23b01a7b581d5659",
                "shasum": ""
            },
            "require": {
                "php": ">=5.3"
            },
            "require-dev": {
                "phpunit/phpunit": "4.0.*",
                "vlucas/phpdotenv": "^2.0"
            },
            "type": "library",
            "autoload": {
                "psr-4": {
                    "DrewM\\MailChimp\\": "src"
                }
            },
            "notification-url": "https://packagist.org/downloads/",
            "license": [
                "MIT"
            ],
            "authors": [
                {
                    "name": "Drew McLellan",
                    "email": "drew.mclellan@gmail.com",
                    "homepage": "http://allinthehead.com/"
                }
            ],
            "description": "Super-simple, minimum abstraction MailChimp API v3 wrapper",
            "homepage": "https://github.com/drewm/mailchimp-api",
            "time": "2016-01-30 16:12:54"
        },
        {
            "name": "mandrill/mandrill",
            "version": "1.0.55",
            "source": {
                "type": "git",
                "url": "https://bitbucket.org/mailchimp/mandrill-api-php.git",
                "reference": "da3adc10042eafac2e53de141b358a52b8e53596"
            },
            "dist": {
                "type": "zip",
                "url": "https://bitbucket.org/mailchimp/mandrill-api-php/get/da3adc10042eafac2e53de141b358a52b8e53596.zip",
                "reference": "da3adc10042eafac2e53de141b358a52b8e53596",
                "shasum": ""
            },
            "require": {
                "php": ">=5.2.0"
            },
            "type": "library",
            "autoload": {
                "psr-0": {
                    "Mandrill": "src/"
                }
            },
            "notification-url": "https://packagist.org/downloads/",
            "license": [
                "Apache-2.0"
            ],
            "authors": [
                {
                    "name": "Mandrill Devs",
                    "email": "community@mandrill.com",
                    "homepage": "http://mandrill.com",
                    "role": "Developer"
                }
            ],
            "description": "API client library for the Mandrill email as a service platform",
            "homepage": "https://bitbucket.org/mailchimp/mandrill-api-php",
            "keywords": [
                "api",
                "email"
            ],
            "time": "2015-09-22 13:58:03"
        },
        {
            "name": "vimeo/vimeo-api",
            "version": "1.2.3",
            "source": {
                "type": "git",
                "url": "https://github.com/vimeo/vimeo.php.git",
                "reference": "e48b19db7febe8431c5e8c609ea9ffe61e1b9e3d"
            },
            "dist": {
                "type": "zip",
                "url": "https://api.github.com/repos/vimeo/vimeo.php/zipball/e48b19db7febe8431c5e8c609ea9ffe61e1b9e3d",
                "reference": "e48b19db7febe8431c5e8c609ea9ffe61e1b9e3d",
                "shasum": ""
            },
            "require": {
                "php": ">=5.3.0"
            },
            "type": "library",
            "autoload": {
                "psr-4": {
                    "Vimeo\\": "src/Vimeo"
                }
            },
            "notification-url": "https://packagist.org/downloads/",
            "license": [
                "Apache-2.0"
            ],
            "authors": [
                {
                    "name": "Vimeo",
                    "homepage": "http://vimeo.com"
                }
            ],
            "description": "Official PHP library for the Vimeo API.",
            "homepage": "https://github.com/vimeo/vimeo.php",
            "keywords": [
                "video",
                "vimeo"
            ],
            "time": "2015-06-02 21:55:45"
        }
    ],
    "packages-dev": [],
    "aliases": [],
    "minimum-stability": "stable",
    "stability-flags": [],
    "prefer-stable": false,
    "prefer-lowest": false,
    "platform": [],
    "platform-dev": []
}
